
Microsoft Visual Studio Solution File, Format Version 12.00
# Visual Studio Version 17
VisualStudioVersion = 17.8.34322.80
MinimumVisualStudioVersion = 10.0.40219.1
Project("{9A19103F-16F7-4668-BE54-9A1E7A4F7556}") = "eHospitalServer.Entities", "eHospitalServer.Entities\eHospitalServer.Entities.csproj", "{8C90E5C3-7834-411F-804C-ACB41F4A5624}"
EndProject
Project("{9A19103F-16F7-4668-BE54-9A1E7A4F7556}") = "eHospitalServer.DataAccess", "eHospitalServer.DataAccess\eHospitalServer.DataAccess.csproj", "{1125CCDF-45EB-4D10-AB46-D81CF6E0D96E}"
EndProject
Project("{9A19103F-16F7-4668-BE54-9A1E7A4F7556}") = "eHospitalServer.WebAPI", "eHospitalServer.WebAPI\eHospitalServer.WebAPI.csproj", "{2C540026-9007-4B15-9467-2C83FDCDA129}"
EndProject
Project("{FAE04EC0-301F-11D3-BF4B-00C04F79EFBC}") = "eHospitalServer.Business", "eHospitalServer.Business\eHospitalServer.Business.csproj", "{5FE82254-5824-46AE-BA08-32C8C8FCEDD7}"
EndProject
Global
	GlobalSection(SolutionConfigurationPlatforms) = preSolution
		Debug|Any CPU = Debug|Any CPU
		Release|Any CPU = Release|Any CPU
	EndGlobalSection
	GlobalSection(ProjectConfigurationPlatforms) = postSolution
		{8C90E5C3-7834-411F-804C-ACB41F4A5624}.Debug|Any CPU.ActiveCfg = Debug|Any CPU
		{8C90E5C3-7834-411F-804C-ACB41F4A5624}.Debug|Any CPU.Build.0 = Debug|Any CPU
		{8C90E5C3-7834-411F-804C-ACB41F4A5624}.Release|Any CPU.ActiveCfg = Release|Any CPU
		{8C90E5C3-7834-411F-804C-ACB41F4A5624}.Release|Any CPU.Build.0 = Release|Any CPU
		{1125CCDF-45EB-4D10-AB46-D81CF6E0D96E}.Debug|Any CPU.ActiveCfg = Debug|Any CPU
		{1125CCDF-45EB-4D10-AB46-D81CF6E0D96E}.Debug|Any CPU.Build.0 = Debug|Any CPU
		{1125CCDF-45EB-4D10-AB46-D81CF6E0D96E}.Release|Any CPU.ActiveCfg = Release|Any CPU
		{1125CCDF-45EB-4D10-AB46-D81CF6E0D96E}.Release|Any CPU.Build.0 = Release|Any CPU
		{2C540026-9007-4B15-9467-2C83FDCDA129}.Debug|Any CPU.ActiveCfg = Debug|Any CPU
		{2C540026-9007-4B15-9467-2C83FDCDA129}.Debug|Any CPU.Build.0 = Debug|Any CPU
		{2C540026-9007-4B15-9467-2C83FDCDA129}.Release|Any CPU.ActiveCfg = Release|Any CPU
		{2C540026-9007-4B15-9467-2C83FDCDA129}.Release|Any CPU.Build.0 = Release|Any CPU
		{5FE82254-5824-46AE-BA08-32C8C8FCEDD7}.Debug|Any CPU.ActiveCfg = Debug|Any CPU
		{5FE82254-5824-46AE-BA08-32C8C8FCEDD7}.Debug|Any CPU.Build.0 = Debug|Any CPU
		{5FE82254-5824-46AE-BA08-32C8C8FCEDD7}.Release|Any CPU.ActiveCfg = Release|Any CPU
		{5FE82254-5824-46AE-BA08-32C8C8FCEDD7}.Release|Any CPU.Build.0 = Release|Any CPU
	EndGlobalSection
	GlobalSection(SolutionProperties) = preSolution
		HideSolutionNode = FALSE
	EndGlobalSection
	GlobalSection(ExtensibilityGlobals) = postSolution
		SolutionGuid = {BEE9E84E-34CF-43CB-A76F-3704688E552E}
	EndGlobalSection
EndGlobal
